
Microsoft Visual Studio Solution File, Format Version 12.00
Project("{F2A71F9B-5D33-465A-A702-920D77279786}") = "functional-ddd", "functional-ddd.fsproj", "{175858EA-54B4-44AC-8380-DCE9842E22EE}"
EndProject
Global
	GlobalSection(SolutionConfigurationPlatforms) = preSolution
		Debug|Any CPU = Debug|Any CPU
		Release|Any CPU = Release|Any CPU
	EndGlobalSection
	GlobalSection(ProjectConfigurationPlatforms) = postSolution
		{175858EA-54B4-44AC-8380-DCE9842E22EE}.Debug|Any CPU.ActiveCfg = Debug|Any CPU
		{175858EA-54B4-44AC-8380-DCE9842E22EE}.Debug|Any CPU.Build.0 = Debug|Any CPU
		{175858EA-54B4-44AC-8380-DCE9842E22EE}.Release|Any CPU.ActiveCfg = Release|Any CPU
		{175858EA-54B4-44AC-8380-DCE9842E22EE}.Release|Any CPU.Build.0 = Release|Any CPU
	EndGlobalSection
EndGlobal
